// !$*UTF8*$!
{
	archiveVersion = 1;
	classes = {
	};
	objectVersion = 46;
	objects = {

/* Begin PBXBuildFile section */
		1A952BA31A61C61A00C6AAC1 /* main.m in Sources */ = {isa = PBXBuildFile; fileRef = 1A952BA21A61C61A00C6AAC1 /* main.m */; };
		1A952BA61A61C61A00C6AAC1 /* AppDelegate.m in Sources */ = {isa = PBXBuildFile; fileRef = 1A952BA51A61C61A00C6AAC1 /* AppDelegate.m */; };
		1A952BA91A61C61A00C6AAC1 /* MasterViewController.m in Sources */ = {isa = PBXBuildFile; fileRef = 1A952BA81A61C61A00C6AAC1 /* MasterViewController.m */; };
		1A952BAC1A61C61A00C6AAC1 /* DetailViewController.m in Sources */ = {isa = PBXBuildFile; fileRef = 1A952BAB1A61C61A00C6AAC1 /* DetailViewController.m */; };
		1A952BAF1A61C61A00C6AAC1 /* Main.storyboard in Resources */ = {isa = PBXBuildFile; fileRef = 1A952BAD1A61C61A00C6AAC1 /* Main.storyboard */; };
		1A952BB11A61C61A00C6AAC1 /* Images.xcassets in Resources */ = {isa = PBXBuildFile; fileRef = 1A952BB01A61C61A00C6AAC1 /* Images.xcassets */; };
		1A952BB41A61C61A00C6AAC1 /* LaunchScreen.xib in Resources */ = {isa = PBXBuildFile; fileRef = 1A952BB21A61C61A00C6AAC1 /* LaunchScreen.xib */; };
		1A952BC01A61C61A00C6AAC1 /* StateMachineTests.m in Sources */ = {isa = PBXBuildFile; fileRef = 1A952BBF1A61C61A00C6AAC1 /* StateMachineTests.m */; };
/* End PBXBuildFile section */

/* Begin PBXContainerItemProxy section */
		1A952BBA1A61C61A00C6AAC1 /* PBXContainerItemProxy */ = {
			isa = PBXContainerItemProxy;
			containerPortal = 1A952B951A61C61A00C6AAC1 /* Project object */;
			proxyType = 1;
			remoteGlobalIDString = 1A952B9C1A61C61A00C6AAC1;
			remoteInfo = StateMachine;
		};
/* End PBXContainerItemProxy section */

/* Begin PBXFileReference section */
		1A952B9D1A61C61A00C6AAC1 /* StateMachine.app */ = {isa = PBXFileReference; explicitFileType = wrapper.application; includeInIndex = 0; path = StateMachine.app; sourceTree = BUILT_PRODUCTS_DIR; };
		1A952BA11A61C61A00C6AAC1 /* Info.plist */ = {isa = PBXFileReference; lastKnownFileType = text.plist.xml; path = Info.plist; sourceTree = "<group>"; };
		1A952BA21A61C61A00C6AAC1 /* main.m */ = {isa = PBXFileReference; lastKnownFileType = sourcecode.c.objc; path = main.m; sourceTree = "<group>"; };
		1A952BA41A61C61A00C6AAC1 /* AppDelegate.h */ = {isa = PBXFileReference; lastKnownFileType = sourcecode.c.h; path = AppDelegate.h; sourceTree = "<group>"; };
		1A952BA51A61C61A00C6AAC1 /* AppDelegate.m */ = {isa = PBXFileReference; lastKnownFileType = sourcecode.c.objc; path = AppDelegate.m; sourceTree = "<group>"; };
		1A952BA71A61C61A00C6AAC1 /* MasterViewController.h */ = {isa = PBXFileReference; lastKnownFileType = sourcecode.c.h; path = MasterViewController.h; sourceTree = "<group>"; };
		1A952BA81A61C61A00C6AAC1 /* MasterViewController.m */ = {isa = PBXFileReference; lastKnownFileType = sourcecode.c.objc; path = MasterViewController.m; sourceTree = "<group>"; };
		1A952BAA1A61C61A00C6AAC1 /* DetailViewController.h */ = {isa = PBXFileReference; lastKnownFileType = sourcecode.c.h; path = DetailViewController.h; sourceTree = "<group>"; };
		1A952BAB1A61C61A00C6AAC1 /* DetailViewController.m */ = {isa = PBXFileReference; lastKnownFileType = sourcecode.c.objc; path = DetailViewController.m; sourceTree = "<group>"; };
		1A952BAE1A61C61A00C6AAC1 /* Base */ = {isa = PBXFileReference; lastKnownFileType = file.storyboard; name = Base; path = Base.lproj/Main.storyboard; sourceTree = "<group>"; };
		1A952BB01A61C61A00C6AAC1 /* Images.xcassets */ = {isa = PBXFileReference; lastKnownFileType = folder.assetcatalog; path = Images.xcassets; sourceTree = "<group>"; };
		1A952BB31A61C61A00C6AAC1 /* Base */ = {isa = PBXFileReference; lastKnownFileType = file.xib; name = Base; path = Base.lproj/LaunchScreen.xib; sourceTree = "<group>"; };
		1A952BB91A61C61A00C6AAC1 /* StateMachineTests.xctest */ = {isa = PBXFileReference; explicitFileType = wrapper.cfbundle; includeInIndex = 0; path = StateMachineTests.xctest; sourceTree = BUILT_PRODUCTS_DIR; };
		1A952BBE1A61C61A00C6AAC1 /* Info.plist */ = {isa = PBXFileReference; lastKnownFileType = text.plist.xml; path = Info.plist; sourceTree = "<group>"; };
		1A952BBF1A61C61A00C6AAC1 /* StateMachineTests.m */ = {isa = PBXFileReference; lastKnownFileType = sourcecode.c.objc; path = StateMachineTests.m; sourceTree = "<group>"; };
/* End PBXFileReference section */

/* Begin PBXFrameworksBuildPhase section */
		1A952B9A1A61C61A00C6AAC1 /* Frameworks */ = {
			isa = PBXFrameworksBuildPhase;
			buildActionMask = 2147483647;
			files = (
			);
			runOnlyForDeploymentPostprocessing = 0;
		};
		1A952BB61A61C61A00C6AAC1 /* Frameworks */ = {
			isa = PBXFrameworksBuildPhase;
			buildActionMask = 2147483647;
			files = (
			);
			runOnlyForDeploymentPostprocessing = 0;
		};
/* End PBXFrameworksBuildPhase section */

/* Begin PBXGroup section */
		1A952B941A61C61A00C6AAC1 = {
			isa = PBXGroup;
			children = (
				1A952B9F1A61C61A00C6AAC1 /* StateMachine */,
				1A952BBC1A61C61A00C6AAC1 /* StateMachineTests */,
				1A952B9E1A61C61A00C6AAC1 /* Products */,
			);
			sourceTree = "<group>";
		};
		1A952B9E1A61C61A00C6AAC1 /* Products */ = {
			isa = PBXGroup;
			children = (
				1A952B9D1A61C61A00C6AAC1 /* StateMachine.app */,
				1A952BB91A61C61A00C6AAC1 /* StateMachineTests.xctest */,
			);
			name = Products;
			sourceTree = "<group>";
		};
		1A952B9F1A61C61A00C6AAC1 /* StateMachine */ = {
			isa = PBXGroup;
			children = (
				1A952BA41A61C61A00C6AAC1 /* AppDelegate.h */,
				1A952BA51A61C61A00C6AAC1 /* AppDelegate.m */,
				1A952BA71A61C61A00C6AAC1 /* MasterViewController.h */,
				1A952BA81A61C61A00C6AAC1 /* MasterViewController.m */,
				1A952BAA1A61C61A00C6AAC1 /* DetailViewController.h */,
				1A952BAB1A61C61A00C6AAC1 /* DetailViewController.m */,
				1A952BAD1A61C61A00C6AAC1 /* Main.storyboard */,
				1A952BB01A61C61A00C6AAC1 /* Images.xcassets */,
				1A952BB21A61C61A00C6AAC1 /* LaunchScreen.xib */,
				1A952BA01A61C61A00C6AAC1 /* Supporting Files */,
			);
			path = StateMachine;
			sourceTree = "<group>";
		};
		1A952BA01A61C61A00C6AAC1 /* Supporting Files */ = {
			isa = PBXGroup;
			children = (
				1A952BA11A61C61A00C6AAC1 /* Info.plist */,
				1A952BA21A61C61A00C6AAC1 /* main.m */,
			);
			name = "Supporting Files";
			sourceTree = "<group>";
		};
		1A952BBC1A61C61A00C6AAC1 /* StateMachineTests */ = {
			isa = PBXGroup;
			children = (
				1A952BBF1A61C61A00C6AAC1 /* StateMachineTests.m */,
				1A952BBD1A61C61A00C6AAC1 /* Supporting Files */,
			);
			path = StateMachineTests;
			sourceTree = "<group>";
		};
		1A952BBD1A61C61A00C6AAC1 /* Supporting Files */ = {
			isa = PBXGroup;
			children = (
				1A952BBE1A61C61A00C6AAC1 /* Info.plist */,
			);
			name = "Supporting Files";
			sourceTree = "<group>";
		};
/* End PBXGroup section */

/* Begin PBXNativeTarget section */
		1A952B9C1A61C61A00C6AAC1 /* StateMachine */ = {
			isa = PBXNativeTarget;
			buildConfigurationList = 1A952BC31A61C61B00C6AAC1 /* Build configuration list for PBXNativeTarget "StateMachine" */;
			buildPhases = (
				1A952B991A61C61A00C6AAC1 /* Sources */,
				1A952B9A1A61C61A00C6AAC1 /* Frameworks */,
				1A952B9B1A61C61A00C6AAC1 /* Resources */,
			);
			buildRules = (
			);
			dependencies = (
			);
			name = StateMachine;
			productName = StateMachine;
			productReference = 1A952B9D1A61C61A00C6AAC1 /* StateMachine.app */;
			productType = "com.apple.product-type.application";
		};
		1A952BB81A61C61A00C6AAC1 /* StateMachineTests */ = {
			isa = PBXNativeTarget;
			buildConfigurationList = 1A952BC61A61C61B00C6AAC1 /* Build configuration list for PBXNativeTarget "StateMachineTests" */;
			buildPhases = (
				1A952BB51A61C61A00C6AAC1 /* Sources */,
				1A952BB61A61C61A00C6AAC1 /* Frameworks */,
				1A952BB71A61C61A00C6AAC1 /* Resources */,
			);
			buildRules = (
			);
			dependencies = (
				1A952BBB1A61C61A00C6AAC1 /* PBXTargetDependency */,
			);
			name = StateMachineTests;
			productName = StateMachineTests;
			productReference = 1A952BB91A61C61A00C6AAC1 /* StateMachineTests.xctest */;
			productType = "com.apple.product-type.bundle.unit-test";
		};
/* End PBXNativeTarget section */

/* Begin PBXProject section */
		1A952B951A61C61A00C6AAC1 /* Project object */ = {
			isa = PBXProject;
			attributes = {
				LastUpgradeCheck = 0610;
				ORGANIZATIONNAME = "Soroush Khanlou";
				TargetAttributes = {
					1A952B9C1A61C61A00C6AAC1 = {
						CreatedOnToolsVersion = 6.1.1;
					};
					1A952BB81A61C61A00C6AAC1 = {
						CreatedOnToolsVersion = 6.1.1;
						TestTargetID = 1A952B9C1A61C61A00C6AAC1;
					};
				};
			};
			buildConfigurationList = 1A952B981A61C61A00C6AAC1 /* Build configuration list for PBXProject "StateMachine" */;
			compatibilityVersion = "Xcode 3.2";
			developmentRegion = English;
			hasScannedForEncodings = 0;
			knownRegions = (
				en,
				Base,
			);
			mainGroup = 1A952B941A61C61A00C6AAC1;
			productRefGroup = 1A952B9E1A61C61A00C6AAC1 /* Products */;
			projectDirPath = "";
			projectRoot = "";
			targets = (
				1A952B9C1A61C61A00C6AAC1 /* StateMachine */,
				1A952BB81A61C61A00C6AAC1 /* StateMachineTests */,
			);
		};
/* End PBXProject section */

/* Begin PBXResourcesBuildPhase section */
		1A952B9B1A61C61A00C6AAC1 /* Resources */ = {
			isa = PBXResourcesBuildPhase;
			buildActionMask = 2147483647;
			files = (
				1A952BAF1A61C61A00C6AAC1 /* Main.storyboard in Resources */,
				1A952BB41A61C61A00C6AAC1 /* LaunchScreen.xib in Resources */,
				1A952BB11A61C61A00C6AAC1 /* Images.xcassets in Resources */,
			);
			runOnlyForDeploymentPostprocessing = 0;
		};
		1A952BB71A61C61A00C6AAC1 /* Resources */ = {
			isa = PBXResourcesBuildPhase;
			buildActionMask = 2147483647;
			files = (
			);
			runOnlyForDeploymentPostprocessing = 0;
		};
/* End PBXResourcesBuildPhase section */

/* Begin PBXSourcesBuildPhase section */
		1A952B991A61C61A00C6AAC1 /* Sources */ = {
			isa = PBXSourcesBuildPhase;
			buildActionMask = 2147483647;
			files = (
				1A952BA61A61C61A00C6AAC1 /* AppDelegate.m in Sources */,
				1A952BA91A61C61A00C6AAC1 /* MasterViewController.m in Sources */,
				1A952BA31A61C61A00C6AAC1 /* main.m in Sources */,
				1A952BAC1A61C61A00C6AAC1 /* DetailViewController.m in Sources */,
			);
			runOnlyForDeploymentPostprocessing = 0;
		};
		1A952BB51A61C61A00C6AAC1 /* Sources */ = {
			isa = PBXSourcesBuildPhase;
			buildActionMask = 2147483647;
			files = (
				1A952BC01A61C61A00C6AAC1 /* StateMachineTests.m in Sources */,
			);
			runOnlyForDeploymentPostprocessing = 0;
		};
/* End PBXSourcesBuildPhase section */

/* Begin PBXTargetDependency section */
		1A952BBB1A61C61A00C6AAC1 /* PBXTargetDependency */ = {
			isa = PBXTargetDependency;
			target = 1A952B9C1A61C61A00C6AAC1 /* StateMachine */;
			targetProxy = 1A952BBA1A61C61A00C6AAC1 /* PBXContainerItemProxy */;
		};
/* End PBXTargetDependency section */

/* Begin PBXVariantGroup section */
		1A952BAD1A61C61A00C6AAC1 /* Main.storyboard */ = {
			isa = PBXVariantGroup;
			children = (
				1A952BAE1A61C61A00C6AAC1 /* Base */,
			);
			name = Main.storyboard;
			sourceTree = "<group>";
		};
		1A952BB21A61C61A00C6AAC1 /* LaunchScreen.xib */ = {
			isa = PBXVariantGroup;
			children = (
				1A952BB31A61C61A00C6AAC1 /* Base */,
			);
			name = LaunchScreen.xib;
			sourceTree = "<group>";
		};
/* End PBXVariantGroup section */

/* Begin XCBuildConfiguration section */
		1A952BC11A61C61A00C6AAC1 /* Debug */ = {
			isa = XCBuildConfiguration;
			buildSettings = {
				ALWAYS_SEARCH_USER_PATHS = NO;
				CLANG_CXX_LANGUAGE_STANDARD = "gnu++0x";
				CLANG_CXX_LIBRARY = "libc++";
				CLANG_ENABLE_MODULES = YES;
				CLANG_ENABLE_OBJC_ARC = YES;
				CLANG_WARN_BOOL_CONVERSION = YES;
				CLANG_WARN_CONSTANT_CONVERSION = YES;
				CLANG_WARN_DIRECT_OBJC_ISA_USAGE = YES_ERROR;
				CLANG_WARN_EMPTY_BODY = YES;
				CLANG_WARN_ENUM_CONVERSION = YES;
				CLANG_WARN_INT_CONVERSION = YES;
				CLANG_WARN_OBJC_ROOT_CLASS = YES_ERROR;
				CLANG_WARN_UNREACHABLE_CODE = YES;
				CLANG_WARN__DUPLICATE_METHOD_MATCH = YES;
				"CODE_SIGN_IDENTITY[sdk=iphoneos*]" = "iPhone Developer";
				COPY_PHASE_STRIP = NO;
				ENABLE_STRICT_OBJC_MSGSEND = YES;
				GCC_C_LANGUAGE_STANDARD = gnu99;
				GCC_DYNAMIC_NO_PIC = NO;
				GCC_OPTIMIZATION_LEVEL = 0;
				GCC_PREPROCESSOR_DEFINITIONS = (
					"DEBUG=1",
					"$(inherited)",
				);
				GCC_SYMBOLS_PRIVATE_EXTERN = NO;
				GCC_WARN_64_TO_32_BIT_CONVERSION = YES;
				GCC_WARN_ABOUT_RETURN_TYPE = YES_ERROR;
				GCC_WARN_UNDECLARED_SELECTOR = YES;
				GCC_WARN_UNINITIALIZED_AUTOS = YES_AGGRESSIVE;
				GCC_WARN_UNUSED_FUNCTION = YES;
				GCC_WARN_UNUSED_VARIABLE = YES;
				IPHONEOS_DEPLOYMENT_TARGET = 8.1;
				MTL_ENABLE_DEBUG_INFO = YES;
				ONLY_ACTIVE_ARCH = YES;
				SDKROOT = iphoneos;
			};
			name = Debug;
		};
		1A952BC21A61C61B00C6AAC1 /* Release */ = {
			isa = XCBuildConfiguration;
			buildSettings = {
				ALWAYS_SEARCH_USER_PATHS = NO;
				CLANG_CXX_LANGUAGE_STANDARD = "gnu++0x";
				CLANG_CXX_LIBRARY = "libc++";
				CLANG_ENABLE_MODULES = YES;
				CLANG_ENABLE_OBJC_ARC = YES;
				CLANG_WARN_BOOL_CONVERSION = YES;
				CLANG_WARN_CONSTANT_CONVERSION = YES;
				CLANG_WARN_DIRECT_OBJC_ISA_USAGE = YES_ERROR;
				CLANG_WARN_EMPTY_BODY = YES;
				CLANG_WARN_ENUM_CONVERSION = YES;
				CLANG_WARN_INT_CONVERSION = YES;
				CLANG_WARN_OBJC_ROOT_CLASS = YES_ERROR;
				CLANG_WARN_UNREACHABLE_CODE = YES;
				CLANG_WARN__DUPLICATE_METHOD_MATCH = YES;
				"CODE_SIGN_IDENTITY[sdk=iphoneos*]" = "iPhone Developer";
				COPY_PHASE_STRIP = YES;
				ENABLE_NS_ASSERTIONS = NO;
				ENABLE_STRICT_OBJC_MSGSEND = YES;
				GCC_C_LANGUAGE_STANDARD = gnu99;
				GCC_WARN_64_TO_32_BIT_CONVERSION = YES;
				GCC_WARN_ABOUT_RETURN_TYPE = YES_ERROR;
				GCC_WARN_UNDECLARED_SELECTOR = YES;
				GCC_WARN_UNINITIALIZED_AUTOS = YES_AGGRESSIVE;
				GCC_WARN_UNUSED_FUNCTION = YES;
				GCC_WARN_UNUSED_VARIABLE = YES;
				IPHONEOS_DEPLOYMENT_TARGET = 8.1;
				MTL_ENABLE_DEBUG_INFO = NO;
				SDKROOT = iphoneos;
				VALIDATE_PRODUCT = YES;
			};
			name = Release;
		};
		1A952BC41A61C61B00C6AAC1 /* Debug */ = {
			isa = XCBuildConfiguration;
			buildSettings = {
				ASSETCATALOG_COMPILER_APPICON_NAME = AppIcon;
				INFOPLIST_FILE = StateMachine/Info.plist;
				LD_RUNPATH_SEARCH_PATHS = "$(inherited) @executable_path/Frameworks";
				PRODUCT_NAME = "$(TARGET_NAME)";
			};
			name = Debug;
		};
		1A952BC51A61C61B00C6AAC1 /* Release */ = {
			isa = XCBuildConfiguration;
			buildSettings = {
				ASSETCATALOG_COMPILER_APPICON_NAME = AppIcon;
				INFOPLIST_FILE = StateMachine/Info.plist;
				LD_RUNPATH_SEARCH_PATHS = "$(inherited) @executable_path/Frameworks";
				PRODUCT_NAME = "$(TARGET_NAME)";
			};
			name = Release;
		};
		1A952BC71A61C61B00C6AAC1 /* Debug */ = {
			isa = XCBuildConfiguration;
			buildSettings = {
				BUNDLE_LOADER = "$(TEST_HOST)";
				FRAMEWORK_SEARCH_PATHS = (
					"$(SDKROOT)/Developer/Library/Frameworks",
					"$(inherited)",
				);
				GCC_PREPROCESSOR_DEFINITIONS = (
					"DEBUG=1",
					"$(inherited)",
				);
				INFOPLIST_FILE = StateMachineTests/Info.plist;
				LD_RUNPATH_SEARCH_PATHS = "$(inherited) @executable_path/Frameworks @loader_path/Frameworks";
				PRODUCT_NAME = "$(TARGET_NAME)";
				TEST_HOST = "$(BUILT_PRODUCTS_DIR)/StateMachine.app/StateMachine";
			};
			name = Debug;
		};
		1A952BC81A61C61B00C6AAC1 /* Release */ = {
			isa = XCBuildConfiguration;
			buildSettings = {
				BUNDLE_LOADER = "$(TEST_HOST)";
				FRAMEWORK_SEARCH_PATHS = (
					"$(SDKROOT)/Developer/Library/Frameworks",
					"$(inherited)",
				);
				INFOPLIST_FILE = StateMachineTests/Info.plist;
				LD_RUNPATH_SEARCH_PATHS = "$(inherited) @executable_path/Frameworks @loader_path/Frameworks";
				PRODUCT_NAME = "$(TARGET_NAME)";
				TEST_HOST = "$(BUILT_PRODUCTS_DIR)/StateMachine.app/StateMachine";
			};
			name = Release;
		};
/* End XCBuildConfiguration section */

/* Begin XCConfigurationList section */
		1A952B981A61C61A00C6AAC1 /* Build configuration list for PBXProject "StateMachine" */ = {
			isa = XCConfigurationList;
			buildConfigurations = (
				1A952BC11A61C61A00C6AAC1 /* Debug */,
				1A952BC21A61C61B00C6AAC1 /* Release */,
			);
			defaultConfigurationIsVisible = 0;
			defaultConfigurationName = Release;
		};
		1A952BC31A61C61B00C6AAC1 /* Build configuration list for PBXNativeTarget "StateMachine" */ = {
			isa = XCConfigurationList;
			buildConfigurations = (
				1A952BC41A61C61B00C6AAC1 /* Debug */,
				1A952BC51A61C61B00C6AAC1 /* Release */,
			);
			defaultConfigurationIsVisible = 0;
		};
		1A952BC61A61C61B00C6AAC1 /* Build configuration list for PBXNativeTarget "StateMachineTests" */ = {
			isa = XCConfigurationList;
			buildConfigurations = (
				1A952BC71A61C61B00C6AAC1 /* Debug */,
				1A952BC81A61C61B00C6AAC1 /* Release */,
			);
			defaultConfigurationIsVisible = 0;
		};
/* End XCConfigurationList section */
	};
	rootObject = 1A952B951A61C61A00C6AAC1 /* Project object */;
}
